
Microsoft Visual Studio Solution File, Format Version 12.00
# Visual Studio Version 17
VisualStudioVersion = 17.7.34024.191
MinimumVisualStudioVersion = 10.0.40219.1
Project("{FAE04EC0-301F-11D3-BF4B-00C04F79EFBC}") = "MyFirstWebAPI", "MyFirstWebAPI\MyFirstWebAPI.csproj", "{2089416C-A01E-4B34-B7A2-B357B3A517B8}"
EndProject
Global
	GlobalSection(SolutionConfigurationPlatforms) = preSolution
		Debug|Any CPU = Debug|Any CPU
		Release|Any CPU = Release|Any CPU
	EndGlobalSection
	GlobalSection(ProjectConfigurationPlatforms) = postSolution
		{2089416C-A01E-4B34-B7A2-B357B3A517B8}.Debug|Any CPU.ActiveCfg = Debug|Any CPU
		{2089416C-A01E-4B34-B7A2-B357B3A517B8}.Debug|Any CPU.Build.0 = Debug|Any CPU
		{2089416C-A01E-4B34-B7A2-B357B3A517B8}.Release|Any CPU.ActiveCfg = Release|Any CPU
		{2089416C-A01E-4B34-B7A2-B357B3A517B8}.Release|Any CPU.Build.0 = Release|Any CPU
	EndGlobalSection
	GlobalSection(SolutionProperties) = preSolution
		HideSolutionNode = FALSE
	EndGlobalSection
	GlobalSection(ExtensibilityGlobals) = postSolution
		SolutionGuid = {A3514EE3-9783-42C5-A725-72A96BD033B8}
	EndGlobalSection
EndGlobal
